// !$*UTF8*$!
{
	archiveVersion = 1;
	classes = {
	};
	objectVersion = 51;
	objects = {

/* Begin PBXBuildFile section */
		259C53032518048F00440EE1 /* AppDelegate.swift in Sources */ = {isa = PBXBuildFile; fileRef = 259C53022518048F00440EE1 /* AppDelegate.swift */; };
		259C53052518048F00440EE1 /* SceneDelegate.swift in Sources */ = {isa = PBXBuildFile; fileRef = 259C53042518048F00440EE1 /* SceneDelegate.swift */; };
		259C530A2518048F00440EE1 /* Main.storyboard in Resources */ = {isa = PBXBuildFile; fileRef = 259C53082518048F00440EE1 /* Main.storyboard */; };
		259C530C2518049500440EE1 /* Assets.xcassets in Resources */ = {isa = PBXBuildFile; fileRef = 259C530B2518049500440EE1 /* Assets.xcassets */; };
		259C530F2518049500440EE1 /* LaunchScreen.storyboard in Resources */ = {isa = PBXBuildFile; fileRef = 259C530D2518049500440EE1 /* LaunchScreen.storyboard */; };
		259C531A2518049600440EE1 /* FlixsterTests.swift in Sources */ = {isa = PBXBuildFile; fileRef = 259C53192518049600440EE1 /* FlixsterTests.swift */; };
		259C53252518049600440EE1 /* FlixsterUITests.swift in Sources */ = {isa = PBXBuildFile; fileRef = 259C53242518049600440EE1 /* FlixsterUITests.swift */; };
		259C53392518062800440EE1 /* MoviesViewController.swift in Sources */ = {isa = PBXBuildFile; fileRef = 259C53382518062800440EE1 /* MoviesViewController.swift */; };
		259C533E2518276B00440EE1 /* MovieCell.swift in Sources */ = {isa = PBXBuildFile; fileRef = 259C533D2518276B00440EE1 /* MovieCell.swift */; };
		25A6B1C825184B8700705B57 /* Pods_Flixster.framework in Frameworks */ = {isa = PBXBuildFile; fileRef = 425AAFFD48C3B11827233D53 /* Pods_Flixster.framework */; };
		25A6B1C925184B8700705B57 /* Pods_Flixster.framework in Embed Frameworks */ = {isa = PBXBuildFile; fileRef = 425AAFFD48C3B11827233D53 /* Pods_Flixster.framework */; settings = {ATTRIBUTES = (CodeSignOnCopy, RemoveHeadersOnCopy, ); }; };
		25D97F3D25204D9C00611B33 /* MoviesDetailsViewController.swift in Sources */ = {isa = PBXBuildFile; fileRef = 25D97F3C25204D9C00611B33 /* MoviesDetailsViewController.swift */; };
		8401543617B35419CD3D3CB9 /* Pods_Flixster_FlixsterUITests.framework in Frameworks */ = {isa = PBXBuildFile; fileRef = 0F61905875DF73C0C99E2EE9 /* Pods_Flixster_FlixsterUITests.framework */; };
		F467FE1501950D5AF2563A07 /* Pods_FlixsterTests.framework in Frameworks */ = {isa = PBXBuildFile; fileRef = 81960F1E94FD8A3D664FC7A8 /* Pods_FlixsterTests.framework */; };
/* End PBXBuildFile section */

/* Begin PBXContainerItemProxy section */
		259C53162518049600440EE1 /* PBXContainerItemProxy */ = {
			isa = PBXContainerItemProxy;
			containerPortal = 259C52F72518048F00440EE1 /* Project object */;
			proxyType = 1;
			remoteGlobalIDString = 259C52FE2518048F00440EE1;
			remoteInfo = Flixster;
		};
		259C53212518049600440EE1 /* PBXContainerItemProxy */ = {
			isa = PBXContainerItemProxy;
			containerPortal = 259C52F72518048F00440EE1 /* Project object */;
			proxyType = 1;
			remoteGlobalIDString = 259C52FE2518048F00440EE1;
			remoteInfo = Flixster;
		};
/* End PBXContainerItemProxy section */

/* Begin PBXCopyFilesBuildPhase section */
		25A6B1CA25184B8700705B57 /* Embed Frameworks */ = {
			isa = PBXCopyFilesBuildPhase;
			buildActionMask = 2147483647;
			dstPath = "";
			dstSubfolderSpec = 10;
			files = (
				25A6B1C925184B8700705B57 /* Pods_Flixster.framework in Embed Frameworks */,
			);
			name = "Embed Frameworks";
			runOnlyForDeploymentPostprocessing = 0;
		};
/* End PBXCopyFilesBuildPhase section */

/* Begin PBXFileReference section */
		0F61905875DF73C0C99E2EE9 /* Pods_Flixster_FlixsterUITests.framework */ = {isa = PBXFileReference; explicitFileType = wrapper.framework; includeInIndex = 0; path = Pods_Flixster_FlixsterUITests.framework; sourceTree = BUILT_PRODUCTS_DIR; };
		259C52FF2518048F00440EE1 /* Flixster.app */ = {isa = PBXFileReference; explicitFileType = wrapper.application; includeInIndex = 0; path = Flixster.app; sourceTree = BUILT_PRODUCTS_DIR; };
		259C53022518048F00440EE1 /* AppDelegate.swift */ = {isa = PBXFileReference; lastKnownFileType = sourcecode.swift; path = AppDelegate.swift; sourceTree = "<group>"; };
		259C53042518048F00440EE1 /* SceneDelegate.swift */ = {isa = PBXFileReference; lastKnownFileType = sourcecode.swift; path = SceneDelegate.swift; sourceTree = "<group>"; };
		259C53092518048F00440EE1 /* Base */ = {isa = PBXFileReference; lastKnownFileType = file.storyboard; name = Base; path = Base.lproj/Main.storyboard; sourceTree = "<group>"; };
		259C530B2518049500440EE1 /* Assets.xcassets */ = {isa = PBXFileReference; lastKnownFileType = folder.assetcatalog; path = Assets.xcassets; sourceTree = "<group>"; };
		259C530E2518049500440EE1 /* Base */ = {isa = PBXFileReference; lastKnownFileType = file.storyboard; name = Base; path = Base.lproj/LaunchScreen.storyboard; sourceTree = "<group>"; };
		259C53102518049500440EE1 /* Info.plist */ = {isa = PBXFileReference; lastKnownFileType = text.plist.xml; path = Info.plist; sourceTree = "<group>"; };
		259C53152518049600440EE1 /* FlixsterTests.xctest */ = {isa = PBXFileReference; explicitFileType = wrapper.cfbundle; includeInIndex = 0; path = FlixsterTests.xctest; sourceTree = BUILT_PRODUCTS_DIR; };
		259C53192518049600440EE1 /* FlixsterTests.swift */ = {isa = PBXFileReference; lastKnownFileType = sourcecode.swift; path = FlixsterTests.swift; sourceTree = "<group>"; };
		259C531B2518049600440EE1 /* Info.plist */ = {isa = PBXFileReference; lastKnownFileType = text.plist.xml; path = Info.plist; sourceTree = "<group>"; };
		259C53202518049600440EE1 /* FlixsterUITests.xctest */ = {isa = PBXFileReference; explicitFileType = wrapper.cfbundle; includeInIndex = 0; path = FlixsterUITests.xctest; sourceTree = BUILT_PRODUCTS_DIR; };
		259C53242518049600440EE1 /* FlixsterUITests.swift */ = {isa = PBXFileReference; lastKnownFileType = sourcecode.swift; path = FlixsterUITests.swift; sourceTree = "<group>"; };
		259C53262518049600440EE1 /* Info.plist */ = {isa = PBXFileReference; lastKnownFileType = text.plist.xml; path = Info.plist; sourceTree = "<group>"; };
		259C53382518062800440EE1 /* MoviesViewController.swift */ = {isa = PBXFileReference; lastKnownFileType = sourcecode.swift; path = MoviesViewController.swift; sourceTree = "<group>"; };
		259C533D2518276B00440EE1 /* MovieCell.swift */ = {isa = PBXFileReference; lastKnownFileType = sourcecode.swift; path = MovieCell.swift; sourceTree = "<group>"; };
		25D97F3C25204D9C00611B33 /* MoviesDetailsViewController.swift */ = {isa = PBXFileReference; lastKnownFileType = sourcecode.swift; path = MoviesDetailsViewController.swift; sourceTree = "<group>"; };
		31FCD8D4316492FEE9163489 /* Pods-FlixsterTests.release.xcconfig */ = {isa = PBXFileReference; includeInIndex = 1; lastKnownFileType = text.xcconfig; name = "Pods-FlixsterTests.release.xcconfig"; path = "Target Support Files/Pods-FlixsterTests/Pods-FlixsterTests.release.xcconfig"; sourceTree = "<group>"; };
		425AAFFD48C3B11827233D53 /* Pods_Flixster.framework */ = {isa = PBXFileReference; explicitFileType = wrapper.framework; includeInIndex = 0; path = Pods_Flixster.framework; sourceTree = BUILT_PRODUCTS_DIR; };
		768149B6983778761728229C /* Pods-Flixster.debug.xcconfig */ = {isa = PBXFileReference; includeInIndex = 1; lastKnownFileType = text.xcconfig; name = "Pods-Flixster.debug.xcconfig"; path = "Target Support Files/Pods-Flixster/Pods-Flixster.debug.xcconfig"; sourceTree = "<group>"; };
		81960F1E94FD8A3D664FC7A8 /* Pods_FlixsterTests.framework */ = {isa = PBXFileReference; explicitFileType = wrapper.framework; includeInIndex = 0; path = Pods_FlixsterTests.framework; sourceTree = BUILT_PRODUCTS_DIR; };
		82DDBA64D060F3FBF35F1636 /* Pods-Flixster-FlixsterUITests.release.xcconfig */ = {isa = PBXFileReference; includeInIndex = 1; lastKnownFileType = text.xcconfig; name = "Pods-Flixster-FlixsterUITests.release.xcconfig"; path = "Target Support Files/Pods-Flixster-FlixsterUITests/Pods-Flixster-FlixsterUITests.release.xcconfig"; sourceTree = "<group>"; };
		B03D927AC7730815ACDD1154 /* Pods-Flixster-FlixsterUITests.debug.xcconfig */ = {isa = PBXFileReference; includeInIndex = 1; lastKnownFileType = text.xcconfig; name = "Pods-Flixster-FlixsterUITests.debug.xcconfig"; path = "Target Support Files/Pods-Flixster-FlixsterUITests/Pods-Flixster-FlixsterUITests.debug.xcconfig"; sourceTree = "<group>"; };
		D4BB6F13D4B3F7F9182E50B9 /* Pods-Flixster.release.xcconfig */ = {isa = PBXFileReference; includeInIndex = 1; lastKnownFileType = text.xcconfig; name = "Pods-Flixster.release.xcconfig"; path = "Target Support Files/Pods-Flixster/Pods-Flixster.release.xcconfig"; sourceTree = "<group>"; };
		FFCED789F8416FF073E1C876 /* Pods-FlixsterTests.debug.xcconfig */ = {isa = PBXFileReference; includeInIndex = 1; lastKnownFileType = text.xcconfig; name = "Pods-FlixsterTests.debug.xcconfig"; path = "Target Support Files/Pods-FlixsterTests/Pods-FlixsterTests.debug.xcconfig"; sourceTree = "<group>"; };
/* End PBXFileReference section */

/* Begin PBXFrameworksBuildPhase section */
		259C52FC2518048F00440EE1 /* Frameworks */ = {
			isa = PBXFrameworksBuildPhase;
			buildActionMask = 2147483647;
			files = (
				25A6B1C825184B8700705B57 /* Pods_Flixster.framework in Frameworks */,
			);
			runOnlyForDeploymentPostprocessing = 0;
		};
		259C53122518049600440EE1 /* Frameworks */ = {
			isa = PBXFrameworksBuildPhase;
			buildActionMask = 2147483647;
			files = (
				F467FE1501950D5AF2563A07 /* Pods_FlixsterTests.framework in Frameworks */,
			);
			runOnlyForDeploymentPostprocessing = 0;
		};
		259C531D2518049600440EE1 /* Frameworks */ = {
			isa = PBXFrameworksBuildPhase;
			buildActionMask = 2147483647;
			files = (
				8401543617B35419CD3D3CB9 /* Pods_Flixster_FlixsterUITests.framework in Frameworks */,
			);
			runOnlyForDeploymentPostprocessing = 0;
		};
/* End PBXFrameworksBuildPhase section */

/* Begin PBXGroup section */
		259C52F62518048F00440EE1 = {
			isa = PBXGroup;
			children = (
				259C53012518048F00440EE1 /* Flixster */,
				259C53182518049600440EE1 /* FlixsterTests */,
				259C53232518049600440EE1 /* FlixsterUITests */,
				259C53002518048F00440EE1 /* Products */,
				C15F4A12E3B3CBB7CE258BE1 /* Pods */,
				352B3731AA0525A521288D81 /* Frameworks */,
			);
			sourceTree = "<group>";
		};
		259C53002518048F00440EE1 /* Products */ = {
			isa = PBXGroup;
			children = (
				259C52FF2518048F00440EE1 /* Flixster.app */,
				259C53152518049600440EE1 /* FlixsterTests.xctest */,
				259C53202518049600440EE1 /* FlixsterUITests.xctest */,
			);
			name = Products;
			sourceTree = "<group>";
		};
		259C53012518048F00440EE1 /* Flixster */ = {
			isa = PBXGroup;
			children = (
				259C53022518048F00440EE1 /* AppDelegate.swift */,
				259C53042518048F00440EE1 /* SceneDelegate.swift */,
				259C53082518048F00440EE1 /* Main.storyboard */,
				25D97F3C25204D9C00611B33 /* MoviesDetailsViewController.swift */,
				259C533D2518276B00440EE1 /* MovieCell.swift */,
				259C53382518062800440EE1 /* MoviesViewController.swift */,
				259C530B2518049500440EE1 /* Assets.xcassets */,
				259C530D2518049500440EE1 /* LaunchScreen.storyboard */,
				259C53102518049500440EE1 /* Info.plist */,
			);
			path = Flixster;
			sourceTree = "<group>";
		};
		259C53182518049600440EE1 /* FlixsterTests */ = {
			isa = PBXGroup;
			children = (
				259C53192518049600440EE1 /* FlixsterTests.swift */,
				259C531B2518049600440EE1 /* Info.plist */,
			);
			path = FlixsterTests;
			sourceTree = "<group>";
		};
		259C53232518049600440EE1 /* FlixsterUITests */ = {
			isa = PBXGroup;
			children = (
				259C53242518049600440EE1 /* FlixsterUITests.swift */,
				259C53262518049600440EE1 /* Info.plist */,
			);
			path = FlixsterUITests;
			sourceTree = "<group>";
		};
		352B3731AA0525A521288D81 /* Frameworks */ = {
			isa = PBXGroup;
			children = (
				425AAFFD48C3B11827233D53 /* Pods_Flixster.framework */,
				0F61905875DF73C0C99E2EE9 /* Pods_Flixster_FlixsterUITests.framework */,
				81960F1E94FD8A3D664FC7A8 /* Pods_FlixsterTests.framework */,
			);
			name = Frameworks;
			sourceTree = "<group>";
		};
		C15F4A12E3B3CBB7CE258BE1 /* Pods */ = {
			isa = PBXGroup;
			children = (
				768149B6983778761728229C /* Pods-Flixster.debug.xcconfig */,
				D4BB6F13D4B3F7F9182E50B9 /* Pods-Flixster.release.xcconfig */,
				B03D927AC7730815ACDD1154 /* Pods-Flixster-FlixsterUITests.debug.xcconfig */,
				82DDBA64D060F3FBF35F1636 /* Pods-Flixster-FlixsterUITests.release.xcconfig */,
				FFCED789F8416FF073E1C876 /* Pods-FlixsterTests.debug.xcconfig */,
				31FCD8D4316492FEE9163489 /* Pods-FlixsterTests.release.xcconfig */,
			);
			path = Pods;
			sourceTree = "<group>";
		};
/* End PBXGroup section */

/* Begin PBXNativeTarget section */
		259C52FE2518048F00440EE1 /* Flixster */ = {
			isa = PBXNativeTarget;
			buildConfigurationList = 259C53292518049600440EE1 /* Build configuration list for PBXNativeTarget "Flixster" */;
			buildPhases = (
				D96A34D910CC6A86BE356E4B /* [CP] Check Pods Manifest.lock */,
				259C52FB2518048F00440EE1 /* Sources */,
				259C52FC2518048F00440EE1 /* Frameworks */,
				259C52FD2518048F00440EE1 /* Resources */,
				25A6B1CA25184B8700705B57 /* Embed Frameworks */,
				45D9E643F13E832B4C9B402C /* [CP] Embed Pods Frameworks */,
			);
			buildRules = (
			);
			dependencies = (
			);
			name = Flixster;
			productName = Flixster;
			productReference = 259C52FF2518048F00440EE1 /* Flixster.app */;
			productType = "com.apple.product-type.application";
		};
		259C53142518049600440EE1 /* FlixsterTests */ = {
			isa = PBXNativeTarget;
			buildConfigurationList = 259C532C2518049600440EE1 /* Build configuration list for PBXNativeTarget "FlixsterTests" */;
			buildPhases = (
				F83B26FD3897CCBB616C67F6 /* [CP] Check Pods Manifest.lock */,
				259C53112518049600440EE1 /* Sources */,
				259C53122518049600440EE1 /* Frameworks */,
				259C53132518049600440EE1 /* Resources */,
			);
			buildRules = (
			);
			dependencies = (
				259C53172518049600440EE1 /* PBXTargetDependency */,
			);
			name = FlixsterTests;
			productName = FlixsterTests;
			productReference = 259C53152518049600440EE1 /* FlixsterTests.xctest */;
			productType = "com.apple.product-type.bundle.unit-test";
		};
		259C531F2518049600440EE1 /* FlixsterUITests */ = {
			isa = PBXNativeTarget;
			buildConfigurationList = 259C532F2518049600440EE1 /* Build configuration list for PBXNativeTarget "FlixsterUITests" */;
			buildPhases = (
				9DA07F0FDE2564FA33CCDE0C /* [CP] Check Pods Manifest.lock */,
				259C531C2518049600440EE1 /* Sources */,
				259C531D2518049600440EE1 /* Frameworks */,
				259C531E2518049600440EE1 /* Resources */,
				F5DF6BED6B523E8D30F9E519 /* [CP] Embed Pods Frameworks */,
			);
			buildRules = (
			);
			dependencies = (
				259C53222518049600440EE1 /* PBXTargetDependency */,
			);
			name = FlixsterUITests;
			productName = FlixsterUITests;
			productReference = 259C53202518049600440EE1 /* FlixsterUITests.xctest */;
			productType = "com.apple.product-type.bundle.ui-testing";
		};
/* End PBXNativeTarget section */

/* Begin PBXProject section */
		259C52F72518048F00440EE1 /* Project object */ = {
			isa = PBXProject;
			attributes = {
				LastSwiftUpdateCheck = 1200;
				LastUpgradeCheck = 1200;
				TargetAttributes = {
					259C52FE2518048F00440EE1 = {
						CreatedOnToolsVersion = 12.0;
					};
					259C53142518049600440EE1 = {
						CreatedOnToolsVersion = 12.0;
						TestTargetID = 259C52FE2518048F00440EE1;
					};
					259C531F2518049600440EE1 = {
						CreatedOnToolsVersion = 12.0;
						TestTargetID = 259C52FE2518048F00440EE1;
					};
				};
			};
			buildConfigurationList = 259C52FA2518048F00440EE1 /* Build configuration list for PBXProject "Flixster" */;
			compatibilityVersion = "Xcode 9.3";
			developmentRegion = en;
			hasScannedForEncodings = 0;
			knownRegions = (
				en,
				Base,
			);
			mainGroup = 259C52F62518048F00440EE1;
			productRefGroup = 259C53002518048F00440EE1 /* Products */;
			projectDirPath = "";
			projectRoot = "";
			targets = (
				259C52FE2518048F00440EE1 /* Flixster */,
				259C53142518049600440EE1 /* FlixsterTests */,
				259C531F2518049600440EE1 /* FlixsterUITests */,
			);
		};
/* End PBXProject section */

/* Begin PBXResourcesBuildPhase section */
		259C52FD2518048F00440EE1 /* Resources */ = {
			isa = PBXResourcesBuildPhase;
			buildActionMask = 2147483647;
			files = (
				259C530F2518049500440EE1 /* LaunchScreen.storyboard in Resources */,
				259C530C2518049500440EE1 /* Assets.xcassets in Resources */,
				259C530A2518048F00440EE1 /* Main.storyboard in Resources */,
			);
			runOnlyForDeploymentPostprocessing = 0;
		};
		259C53132518049600440EE1 /* Resources */ = {
			isa = PBXResourcesBuildPhase;
			buildActionMask = 2147483647;
			files = (
			);
			runOnlyForDeploymentPostprocessing = 0;
		};
		259C531E2518049600440EE1 /* Resources */ = {
			isa = PBXResourcesBuildPhase;
			buildActionMask = 2147483647;
			files = (
			);
			runOnlyForDeploymentPostprocessing = 0;
		};
/* End PBXResourcesBuildPhase section */

/* Begin PBXShellScriptBuildPhase section */
		45D9E643F13E832B4C9B402C /* [CP] Embed Pods Frameworks */ = {
			isa = PBXShellScriptBuildPhase;
			buildActionMask = 2147483647;
			files = (
			);
			inputFileListPaths = (
				"${PODS_ROOT}/Target Support Files/Pods-Flixster/Pods-Flixster-frameworks-${CONFIGURATION}-input-files.xcfilelist",
			);
			name = "[CP] Embed Pods Frameworks";
			outputFileListPaths = (
				"${PODS_ROOT}/Target Support Files/Pods-Flixster/Pods-Flixster-frameworks-${CONFIGURATION}-output-files.xcfilelist",
			);
			runOnlyForDeploymentPostprocessing = 0;
			shellPath = /bin/sh;
			shellScript = "\"${PODS_ROOT}/Target Support Files/Pods-Flixster/Pods-Flixster-frameworks.sh\"\n";
			showEnvVarsInLog = 0;
		};
		9DA07F0FDE2564FA33CCDE0C /* [CP] Check Pods Manifest.lock */ = {
			isa = PBXShellScriptBuildPhase;
			buildActionMask = 2147483647;
			files = (
			);
			inputFileListPaths = (
			);
			inputPaths = (
				"${PODS_PODFILE_DIR_PATH}/Podfile.lock",
				"${PODS_ROOT}/Manifest.lock",
			);
			name = "[CP] Check Pods Manifest.lock";
			outputFileListPaths = (
			);
			outputPaths = (
				"$(DERIVED_FILE_DIR)/Pods-Flixster-FlixsterUITests-checkManifestLockResult.txt",
			);
			runOnlyForDeploymentPostprocessing = 0;
			shellPath = /bin/sh;
			shellScript = "diff \"${PODS_PODFILE_DIR_PATH}/Podfile.lock\" \"${PODS_ROOT}/Manifest.lock\" > /dev/null\nif [ $? != 0 ] ; then\n    # print error to STDERR\n    echo \"error: The sandbox is not in sync with the Podfile.lock. Run 'pod install' or update your CocoaPods installation.\" >&2\n    exit 1\nfi\n# This output is used by Xcode 'outputs' to avoid re-running this script phase.\necho \"SUCCESS\" > \"${SCRIPT_OUTPUT_FILE_0}\"\n";
			showEnvVarsInLog = 0;
		};
		D96A34D910CC6A86BE356E4B /* [CP] Check Pods Manifest.lock */ = {
			isa = PBXShellScriptBuildPhase;
			buildActionMask = 2147483647;
			files = (
			);
			inputFileListPaths = (
			);
			inputPaths = (
				"${PODS_PODFILE_DIR_PATH}/Podfile.lock",
				"${PODS_ROOT}/Manifest.lock",
			);
			name = "[CP] Check Pods Manifest.lock";
			outputFileListPaths = (
			);
			outputPaths = (
				"$(DERIVED_FILE_DIR)/Pods-Flixster-checkManifestLockResult.txt",
			);
			runOnlyForDeploymentPostprocessing = 0;
			shellPath = /bin/sh;
			shellScript = "diff \"${PODS_PODFILE_DIR_PATH}/Podfile.lock\" \"${PODS_ROOT}/Manifest.lock\" > /dev/null\nif [ $? != 0 ] ; then\n    # print error to STDERR\n    echo \"error: The sandbox is not in sync with the Podfile.lock. Run 'pod install' or update your CocoaPods installation.\" >&2\n    exit 1\nfi\n# This output is used by Xcode 'outputs' to avoid re-running this script phase.\necho \"SUCCESS\" > \"${SCRIPT_OUTPUT_FILE_0}\"\n";
			showEnvVarsInLog = 0;
		};
		F5DF6BED6B523E8D30F9E519 /* [CP] Embed Pods Frameworks */ = {
			isa = PBXShellScriptBuildPhase;
			buildActionMask = 2147483647;
			files = (
			);
			inputFileListPaths = (
				"${PODS_ROOT}/Target Support Files/Pods-Flixster-FlixsterUITests/Pods-Flixster-FlixsterUITests-frameworks-${CONFIGURATION}-input-files.xcfilelist",
			);
			name = "[CP] Embed Pods Frameworks";
			outputFileListPaths = (
				"${PODS_ROOT}/Target Support Files/Pods-Flixster-FlixsterUITests/Pods-Flixster-FlixsterUITests-frameworks-${CONFIGURATION}-output-files.xcfilelist",
			);
			runOnlyForDeploymentPostprocessing = 0;
			shellPath = /bin/sh;
			shellScript = "\"${PODS_ROOT}/Target Support Files/Pods-Flixster-FlixsterUITests/Pods-Flixster-FlixsterUITests-frameworks.sh\"\n";
			showEnvVarsInLog = 0;
		};
		F83B26FD3897CCBB616C67F6 /* [CP] Check Pods Manifest.lock */ = {
			isa = PBXShellScriptBuildPhase;
			buildActionMask = 2147483647;
			files = (
			);
			inputFileListPaths = (
			);
			inputPaths = (
				"${PODS_PODFILE_DIR_PATH}/Podfile.lock",
				"${PODS_ROOT}/Manifest.lock",
			);
			name = "[CP] Check Pods Manifest.lock";
			outputFileListPaths = (
			);
			outputPaths = (
				"$(DERIVED_FILE_DIR)/Pods-FlixsterTests-checkManifestLockResult.txt",
			);
			runOnlyForDeploymentPostprocessing = 0;
			shellPath = /bin/sh;
			shellScript = "diff \"${PODS_PODFILE_DIR_PATH}/Podfile.lock\" \"${PODS_ROOT}/Manifest.lock\" > /dev/null\nif [ $? != 0 ] ; then\n    # print error to STDERR\n    echo \"error: The sandbox is not in sync with the Podfile.lock. Run 'pod install' or update your CocoaPods installation.\" >&2\n    exit 1\nfi\n# This output is used by Xcode 'outputs' to avoid re-running this script phase.\necho \"SUCCESS\" > \"${SCRIPT_OUTPUT_FILE_0}\"\n";
			showEnvVarsInLog = 0;
		};
/* End PBXShellScriptBuildPhase section */

/* Begin PBXSourcesBuildPhase section */
		259C52FB2518048F00440EE1 /* Sources */ = {
			isa = PBXSourcesBuildPhase;
			buildActionMask = 2147483647;
			files = (
				259C53032518048F00440EE1 /* AppDelegate.swift in Sources */,
				259C53052518048F00440EE1 /* SceneDelegate.swift in Sources */,
				259C533E2518276B00440EE1 /* MovieCell.swift in Sources */,
				25D97F3D25204D9C00611B33 /* MoviesDetailsViewController.swift in Sources */,
				259C53392518062800440EE1 /* MoviesViewController.swift in Sources */,
			);
			runOnlyForDeploymentPostprocessing = 0;
		};
		259C53112518049600440EE1 /* Sources */ = {
			isa = PBXSourcesBuildPhase;
			buildActionMask = 2147483647;
			files = (
				259C531A2518049600440EE1 /* FlixsterTests.swift in Sources */,
			);
			runOnlyForDeploymentPostprocessing = 0;
		};
		259C531C2518049600440EE1 /* Sources */ = {
			isa = PBXSourcesBuildPhase;
			buildActionMask = 2147483647;
			files = (
				259C53252518049600440EE1 /* FlixsterUITests.swift in Sources */,
			);
			runOnlyForDeploymentPostprocessing = 0;
		};
/* End PBXSourcesBuildPhase section */

/* Begin PBXTargetDependency section */
		259C53172518049600440EE1 /* PBXTargetDependency */ = {
			isa = PBXTargetDependency;
			target = 259C52FE2518048F00440EE1 /* Flixster */;
			targetProxy = 259C53162518049600440EE1 /* PBXContainerItemProxy */;
		};
		259C53222518049600440EE1 /* PBXTargetDependency */ = {
			isa = PBXTargetDependency;
			target = 259C52FE2518048F00440EE1 /* Flixster */;
			targetProxy = 259C53212518049600440EE1 /* PBXContainerItemProxy */;
		};
/* End PBXTargetDependency section */

/* Begin PBXVariantGroup section */
		259C53082518048F00440EE1 /* Main.storyboard */ = {
			isa = PBXVariantGroup;
			children = (
				259C53092518048F00440EE1 /* Base */,
			);
			name = Main.storyboard;
			sourceTree = "<group>";
		};
		259C530D2518049500440EE1 /* LaunchScreen.storyboard */ = {
			isa = PBXVariantGroup;
			children = (
				259C530E2518049500440EE1 /* Base */,
			);
			name = LaunchScreen.storyboard;
			sourceTree = "<group>";
		};
/* End PBXVariantGroup section */

/* Begin XCBuildConfiguration section */
		259C53272518049600440EE1 /* Debug */ = {
			isa = XCBuildConfiguration;
			buildSettings = {
				ALWAYS_SEARCH_USER_PATHS = NO;
				CLANG_ANALYZER_NONNULL = YES;
				CLANG_ANALYZER_NUMBER_OBJECT_CONVERSION = YES_AGGRESSIVE;
				CLANG_CXX_LANGUAGE_STANDARD = "gnu++14";
				CLANG_CXX_LIBRARY = "libc++";
				CLANG_ENABLE_MODULES = YES;
				CLANG_ENABLE_OBJC_ARC = YES;
				CLANG_ENABLE_OBJC_WEAK = YES;
				CLANG_WARN_BLOCK_CAPTURE_AUTORELEASING = YES;
				CLANG_WARN_BOOL_CONVERSION = YES;
				CLANG_WARN_COMMA = YES;
				CLANG_WARN_CONSTANT_CONVERSION = YES;
				CLANG_WARN_DEPRECATED_OBJC_IMPLEMENTATIONS = YES;
				CLANG_WARN_DIRECT_OBJC_ISA_USAGE = YES_ERROR;
				CLANG_WARN_DOCUMENTATION_COMMENTS = YES;
				CLANG_WARN_EMPTY_BODY = YES;
				CLANG_WARN_ENUM_CONVERSION = YES;
				CLANG_WARN_INFINITE_RECURSION = YES;
				CLANG_WARN_INT_CONVERSION = YES;
				CLANG_WARN_NON_LITERAL_NULL_CONVERSION = YES;
				CLANG_WARN_OBJC_IMPLICIT_RETAIN_SELF = YES;
				CLANG_WARN_OBJC_LITERAL_CONVERSION = YES;
				CLANG_WARN_OBJC_ROOT_CLASS = YES_ERROR;
				CLANG_WARN_QUOTED_INCLUDE_IN_FRAMEWORK_HEADER = YES;
				CLANG_WARN_RANGE_LOOP_ANALYSIS = YES;
				CLANG_WARN_STRICT_PROTOTYPES = YES;
				CLANG_WARN_SUSPICIOUS_MOVE = YES;
				CLANG_WARN_UNGUARDED_AVAILABILITY = YES_AGGRESSIVE;
				CLANG_WARN_UNREACHABLE_CODE = YES;
				CLANG_WARN__DUPLICATE_METHOD_MATCH = YES;
				COPY_PHASE_STRIP = NO;
				DEBUG_INFORMATION_FORMAT = dwarf;
				ENABLE_STRICT_OBJC_MSGSEND = YES;
				ENABLE_TESTABILITY = YES;
				GCC_C_LANGUAGE_STANDARD = gnu11;
				GCC_DYNAMIC_NO_PIC = NO;
				GCC_NO_COMMON_BLOCKS = YES;
				GCC_OPTIMIZATION_LEVEL = 0;
				GCC_PREPROCESSOR_DEFINITIONS = (
					"DEBUG=1",
					"$(inherited)",
				);
				GCC_WARN_64_TO_32_BIT_CONVERSION = YES;
				GCC_WARN_ABOUT_RETURN_TYPE = YES_ERROR;
				GCC_WARN_UNDECLARED_SELECTOR = YES;
				GCC_WARN_UNINITIALIZED_AUTOS = YES_AGGRESSIVE;
				GCC_WARN_UNUSED_FUNCTION = YES;
				GCC_WARN_UNUSED_VARIABLE = YES;
				IPHONEOS_DEPLOYMENT_TARGET = 14.0;
				MTL_ENABLE_DEBUG_INFO = INCLUDE_SOURCE;
				MTL_FAST_MATH = YES;
				ONLY_ACTIVE_ARCH = YES;
				SDKROOT = iphoneos;
				SWIFT_ACTIVE_COMPILATION_CONDITIONS = DEBUG;
				SWIFT_OPTIMIZATION_LEVEL = "-Onone";
			};
			name = Debug;
		};
		259C53282518049600440EE1 /* Release */ = {
			isa = XCBuildConfiguration;
			buildSettings = {
				ALWAYS_SEARCH_USER_PATHS = NO;
				CLANG_ANALYZER_NONNULL = YES;
				CLANG_ANALYZER_NUMBER_OBJECT_CONVERSION = YES_AGGRESSIVE;
				CLANG_CXX_LANGUAGE_STANDARD = "gnu++14";
				CLANG_CXX_LIBRARY = "libc++";
				CLANG_ENABLE_MODULES = YES;
				CLANG_ENABLE_OBJC_ARC = YES;
				CLANG_ENABLE_OBJC_WEAK = YES;
				CLANG_WARN_BLOCK_CAPTURE_AUTORELEASING = YES;
				CLANG_WARN_BOOL_CONVERSION = YES;
				CLANG_WARN_COMMA = YES;
				CLANG_WARN_CONSTANT_CONVERSION = YES;
				CLANG_WARN_DEPRECATED_OBJC_IMPLEMENTATIONS = YES;
				CLANG_WARN_DIRECT_OBJC_ISA_USAGE = YES_ERROR;
				CLANG_WARN_DOCUMENTATION_COMMENTS = YES;
				CLANG_WARN_EMPTY_BODY = YES;
				CLANG_WARN_ENUM_CONVERSION = YES;
				CLANG_WARN_INFINITE_RECURSION = YES;
				CLANG_WARN_INT_CONVERSION = YES;
				CLANG_WARN_NON_LITERAL_NULL_CONVERSION = YES;
				CLANG_WARN_OBJC_IMPLICIT_RETAIN_SELF = YES;
				CLANG_WARN_OBJC_LITERAL_CONVERSION = YES;
				CLANG_WARN_OBJC_ROOT_CLASS = YES_ERROR;
				CLANG_WARN_QUOTED_INCLUDE_IN_FRAMEWORK_HEADER = YES;
				CLANG_WARN_RANGE_LOOP_ANALYSIS = YES;
				CLANG_WARN_STRICT_PROTOTYPES = YES;
				CLANG_WARN_SUSPICIOUS_MOVE = YES;
				CLANG_WARN_UNGUARDED_AVAILABILITY = YES_AGGRESSIVE;
				CLANG_WARN_UNREACHABLE_CODE = YES;
				CLANG_WARN__DUPLICATE_METHOD_MATCH = YES;
				COPY_PHASE_STRIP = NO;
				DEBUG_INFORMATION_FORMAT = "dwarf-with-dsym";
				ENABLE_NS_ASSERTIONS = NO;
				ENABLE_STRICT_OBJC_MSGSEND = YES;
				GCC_C_LANGUAGE_STANDARD = gnu11;
				GCC_NO_COMMON_BLOCKS = YES;
				GCC_WARN_64_TO_32_BIT_CONVERSION = YES;
				GCC_WARN_ABOUT_RETURN_TYPE = YES_ERROR;
				GCC_WARN_UNDECLARED_SELECTOR = YES;
				GCC_WARN_UNINITIALIZED_AUTOS = YES_AGGRESSIVE;
				GCC_WARN_UNUSED_FUNCTION = YES;
				GCC_WARN_UNUSED_VARIABLE = YES;
				IPHONEOS_DEPLOYMENT_TARGET = 14.0;
				MTL_ENABLE_DEBUG_INFO = NO;
				MTL_FAST_MATH = YES;
				SDKROOT = iphoneos;
				SWIFT_COMPILATION_MODE = wholemodule;
				SWIFT_OPTIMIZATION_LEVEL = "-O";
				VALIDATE_PRODUCT = YES;
			};
			name = Release;
		};
		259C532A2518049600440EE1 /* Debug */ = {
			isa = XCBuildConfiguration;
			baseConfigurationReference = 768149B6983778761728229C /* Pods-Flixster.debug.xcconfig */;
			buildSettings = {
				ALWAYS_EMBED_SWIFT_STANDARD_LIBRARIES = "$(inherited)";
				ASSETCATALOG_COMPILER_APPICON_NAME = AppIcon;
				ASSETCATALOG_COMPILER_GLOBAL_ACCENT_COLOR_NAME = AccentColor;
				CODE_SIGN_STYLE = Automatic;
				DEVELOPMENT_TEAM = 9WC8XVBXJ4;
				INFOPLIST_FILE = Flixster/Info.plist;
				LD_RUNPATH_SEARCH_PATHS = (
					"$(inherited)",
					"@executable_path/Frameworks",
				);
				PRODUCT_BUNDLE_IDENTIFIER = "Alex-Long.Flixster";
				PRODUCT_NAME = "$(TARGET_NAME)";
				SWIFT_VERSION = 5.0;
				TARGETED_DEVICE_FAMILY = "1,2";
			};
			name = Debug;
		};
		259C532B2518049600440EE1 /* Release */ = {
			isa = XCBuildConfiguration;
			baseConfigurationReference = D4BB6F13D4B3F7F9182E50B9 /* Pods-Flixster.release.xcconfig */;
			buildSettings = {
				ALWAYS_EMBED_SWIFT_STANDARD_LIBRARIES = "$(inherited)";
				ASSETCATALOG_COMPILER_APPICON_NAME = AppIcon;
				ASSETCATALOG_COMPILER_GLOBAL_ACCENT_COLOR_NAME = AccentColor;
				CODE_SIGN_STYLE = Automatic;
				DEVELOPMENT_TEAM = 9WC8XVBXJ4;
				INFOPLIST_FILE = Flixster/Info.plist;
				LD_RUNPATH_SEARCH_PATHS = (
					"$(inherited)",
					"@executable_path/Frameworks",
				);
				PRODUCT_BUNDLE_IDENTIFIER = "Alex-Long.Flixster";
				PRODUCT_NAME = "$(TARGET_NAME)";
				SWIFT_VERSION = 5.0;
				TARGETED_DEVICE_FAMILY = "1,2";
			};
			name = Release;
		};
		259C532D2518049600440EE1 /* Debug */ = {
			isa = XCBuildConfiguration;
			baseConfigurationReference = FFCED789F8416FF073E1C876 /* Pods-FlixsterTests.debug.xcconfig */;
			buildSettings = {
				ALWAYS_EMBED_SWIFT_STANDARD_LIBRARIES = YES;
				BUNDLE_LOADER = "$(TEST_HOST)";
				CODE_SIGN_STYLE = Automatic;
				INFOPLIST_FILE = FlixsterTests/Info.plist;
				IPHONEOS_DEPLOYMENT_TARGET = 14.0;
				LD_RUNPATH_SEARCH_PATHS = (
					"$(inherited)",
					"@executable_path/Frameworks",
					"@loader_path/Frameworks",
				);
				PRODUCT_BUNDLE_IDENTIFIER = "Alex-Long.FlixsterTests";
				PRODUCT_NAME = "$(TARGET_NAME)";
				SWIFT_VERSION = 5.0;
				TARGETED_DEVICE_FAMILY = "1,2";
				TEST_HOST = "$(BUILT_PRODUCTS_DIR)/Flixster.app/Flixster";
			};
			name = Debug;
		};
		259C532E2518049600440EE1 /* Release */ = {
			isa = XCBuildConfiguration;
			baseConfigurationReference = 31FCD8D4316492FEE9163489 /* Pods-FlixsterTests.release.xcconfig */;
			buildSettings = {
				ALWAYS_EMBED_SWIFT_STANDARD_LIBRARIES = YES;
				BUNDLE_LOADER = "$(TEST_HOST)";
				CODE_SIGN_STYLE = Automatic;
				INFOPLIST_FILE = FlixsterTests/Info.plist;
				IPHONEOS_DEPLOYMENT_TARGET = 14.0;
				LD_RUNPATH_SEARCH_PATHS = (
					"$(inherited)",
					"@executable_path/Frameworks",
					"@loader_path/Frameworks",
				);
				PRODUCT_BUNDLE_IDENTIFIER = "Alex-Long.FlixsterTests";
				PRODUCT_NAME = "$(TARGET_NAME)";
				SWIFT_VERSION = 5.0;
				TARGETED_DEVICE_FAMILY = "1,2";
				TEST_HOST = "$(BUILT_PRODUCTS_DIR)/Flixster.app/Flixster";
			};
			name = Release;
		};
		259C53302518049600440EE1 /* Debug */ = {
			isa = XCBuildConfiguration;
			baseConfigurationReference = B03D927AC7730815ACDD1154 /* Pods-Flixster-FlixsterUITests.debug.xcconfig */;
			buildSettings = {
				ALWAYS_EMBED_SWIFT_STANDARD_LIBRARIES = "$(inherited)";
				CODE_SIGN_STYLE = Automatic;
				DEVELOPMENT_TEAM = 9WC8XVBXJ4;
				INFOPLIST_FILE = FlixsterUITests/Info.plist;
				LD_RUNPATH_SEARCH_PATHS = (
					"$(inherited)",
					"@executable_path/Frameworks",
					"@loader_path/Frameworks",
				);
				PRODUCT_BUNDLE_IDENTIFIER = "Alex-Long.FlixsterUITests";
				PRODUCT_NAME = "$(TARGET_NAME)";
				SWIFT_VERSION = 5.0;
				TARGETED_DEVICE_FAMILY = "1,2";
				TEST_TARGET_NAME = Flixster;
			};
			name = Debug;
		};
		259C53312518049600440EE1 /* Release */ = {
			isa = XCBuildConfiguration;
			baseConfigurationReference = 82DDBA64D060F3FBF35F1636 /* Pods-Flixster-FlixsterUITests.release.xcconfig */;
			buildSettings = {
				ALWAYS_EMBED_SWIFT_STANDARD_LIBRARIES = "$(inherited)";
				CODE_SIGN_STYLE = Automatic;
				DEVELOPMENT_TEAM = 9WC8XVBXJ4;
				INFOPLIST_FILE = FlixsterUITests/Info.plist;
				LD_RUNPATH_SEARCH_PATHS = (
					"$(inherited)",
					"@executable_path/Frameworks",
					"@loader_path/Frameworks",
				);
				PRODUCT_BUNDLE_IDENTIFIER = "Alex-Long.FlixsterUITests";
				PRODUCT_NAME = "$(TARGET_NAME)";
				SWIFT_VERSION = 5.0;
				TARGETED_DEVICE_FAMILY = "1,2";
				TEST_TARGET_NAME = Flixster;
			};
			name = Release;
		};
/* End XCBuildConfiguration section */

/* Begin XCConfigurationList section */
		259C52FA2518048F00440EE1 /* Build configuration list for PBXProject "Flixster" */ = {
			isa = XCConfigurationList;
			buildConfigurations = (
				259C53272518049600440EE1 /* Debug */,
				259C53282518049600440EE1 /* Release */,
			);
			defaultConfigurationIsVisible = 0;
			defaultConfigurationName = Release;
		};
		259C53292518049600440EE1 /* Build configuration list for PBXNativeTarget "Flixster" */ = {
			isa = XCConfigurationList;
			buildConfigurations = (
				259C532A2518049600440EE1 /* Debug */,
				259C532B2518049600440EE1 /* Release */,
			);
			defaultConfigurationIsVisible = 0;
			defaultConfigurationName = Release;
		};
		259C532C2518049600440EE1 /* Build configuration list for PBXNativeTarget "FlixsterTests" */ = {
			isa = XCConfigurationList;
			buildConfigurations = (
				259C532D2518049600440EE1 /* Debug */,
				259C532E2518049600440EE1 /* Release */,
			);
			defaultConfigurationIsVisible = 0;
			defaultConfigurationName = Release;
		};
		259C532F2518049600440EE1 /* Build configuration list for PBXNativeTarget "FlixsterUITests" */ = {
			isa = XCConfigurationList;
			buildConfigurations = (
				259C53302518049600440EE1 /* Debug */,
				259C53312518049600440EE1 /* Release */,
			);
			defaultConfigurationIsVisible = 0;
			defaultConfigurationName = Release;
		};
/* End XCConfigurationList section */
	};
	rootObject = 259C52F72518048F00440EE1 /* Project object */;
}
